Microsoft Visual Studio Solution File, Format Version 12.00
# Visual Studio 2012
Project("{FAE04EC0-301F-11D3-BF4B-00C04F79EFBC}") = "Ero JRPG", "Ero JRPG.csproj", "{3DE18EDB-B460-4BC0-8B37-515041324FF9}"
EndProject
Global
	GlobalSection(SolutionConfigurationPlatforms) = preSolution
	Debug|Any CPU = Debug|Any CPU
	ExportDebug|Any CPU = ExportDebug|Any CPU
	ExportRelease|Any CPU = ExportRelease|Any CPU
	EndGlobalSection
	GlobalSection(ProjectConfigurationPlatforms) = postSolution
		{3DE18EDB-B460-4BC0-8B37-515041324FF9}.Debug|Any CPU.ActiveCfg = Debug|Any CPU
		{3DE18EDB-B460-4BC0-8B37-515041324FF9}.Debug|Any CPU.Build.0 = Debug|Any CPU
		{3DE18EDB-B460-4BC0-8B37-515041324FF9}.ExportDebug|Any CPU.ActiveCfg = ExportDebug|Any CPU
		{3DE18EDB-B460-4BC0-8B37-515041324FF9}.ExportDebug|Any CPU.Build.0 = ExportDebug|Any CPU
		{3DE18EDB-B460-4BC0-8B37-515041324FF9}.ExportRelease|Any CPU.ActiveCfg = ExportRelease|Any CPU
		{3DE18EDB-B460-4BC0-8B37-515041324FF9}.ExportRelease|Any CPU.Build.0 = ExportRelease|Any CPU
	EndGlobalSection
EndGlobal
